# Sections this repository cites, and the content each citation was
# written against. Regenerate with:
#
#     workspace.exe citations --update
#
# Re-blessing is not a formality: an entry changes only when the cited
# section changed, and the sites listed by `workspace.exe citations`
# are what to re-read before accepting it.
workspace_citations 1
section local:TDD 15.3 hash=df3ef2dfaad6ac35 cited=1 title="Shader Strategy"
section local:TDD 30.1 hash=481168add21b8421 cited=1 title="Unit Tests"
section local:TDD 4.1 hash=8e86cfa754db7ada cited=1 title="Shared Core, Thin Platform Hosts"
section self 1 hash=5fadf2a293f9ff7b cited=1 title="Corpus"
section self 3 hash=348ec1b4ec98a5b0 cited=2 title="Silent divergence — the actual finding"
section self 4 hash=8cd460bd0fd90d79 cited=1 title="What this changes in the plan"
section self 5 hash=aa4250e921fce312 cited=2 title="Fixed in this pass"
